// !$*UTF8*$!
{
	archiveVersion = 1;
	classes = {
	};
	objectVersion = 50;
	objects = {

/* Begin PBXBuildFile section */
		172764E920588F9C00A889E0 /* ItemTableViewController.swift in Sources */ = {isa = PBXBuildFile; fileRef = 172764E820588F9C00A889E0 /* ItemTableViewController.swift */; };
		174BB58520586D9D001FB020 /* AppDelegate.swift in Sources */ = {isa = PBXBuildFile; fileRef = 174BB58420586D9D001FB020 /* AppDelegate.swift */; };
		174BB58720586D9D001FB020 /* art.scnassets in Resources */ = {isa = PBXBuildFile; fileRef = 174BB58620586D9D001FB020 /* art.scnassets */; };
		174BB58920586D9D001FB020 /* ViewController.swift in Sources */ = {isa = PBXBuildFile; fileRef = 174BB58820586D9D001FB020 /* ViewController.swift */; };
		174BB58C20586D9D001FB020 /* Main.storyboard in Resources */ = {isa = PBXBuildFile; fileRef = 174BB58A20586D9D001FB020 /* Main.storyboard */; };
		174BB58E20586D9E001FB020 /* Assets.xcassets in Resources */ = {isa = PBXBuildFile; fileRef = 174BB58D20586D9E001FB020 /* Assets.xcassets */; };
		174BB59120586D9E001FB020 /* LaunchScreen.storyboard in Resources */ = {isa = PBXBuildFile; fileRef = 174BB58F20586D9E001FB020 /* LaunchScreen.storyboard */; };
		174BB59920586EFD001FB020 /* .gitignore in Resources */ = {isa = PBXBuildFile; fileRef = 174BB59820586EFD001FB020 /* .gitignore */; };
		174BB59B20587015001FB020 /* Podfile in Resources */ = {isa = PBXBuildFile; fileRef = 174BB59A20587015001FB020 /* Podfile */; };
		17B3C8C4205884B6002F6DFB /* EventViewController.swift in Sources */ = {isa = PBXBuildFile; fileRef = 17B3C8C3205884B6002F6DFB /* EventViewController.swift */; };
		17D8B0FF2058A85200951B8E /* ItemTableCell.swift in Sources */ = {isa = PBXBuildFile; fileRef = 17D8B0FD2058A85100951B8E /* ItemTableCell.swift */; };
		17D8B1002058A85200951B8E /* ItemViewController.swift in Sources */ = {isa = PBXBuildFile; fileRef = 17D8B0FE2058A85100951B8E /* ItemViewController.swift */; };
		2853EACA2058A2C1006D355D /* OfferViewController.swift in Sources */ = {isa = PBXBuildFile; fileRef = 2853EAC92058A2C1006D355D /* OfferViewController.swift */; };
		2853EACC2058A2DB006D355D /* Constants.swift in Sources */ = {isa = PBXBuildFile; fileRef = 2853EACB2058A2DB006D355D /* Constants.swift */; };
		2853EACE2058A415006D355D /* Autolayout.swift in Sources */ = {isa = PBXBuildFile; fileRef = 2853EACD2058A415006D355D /* Autolayout.swift */; };
		28CAB0292058A81B00253A84 /* Apercu Medium Italic.otf in Resources */ = {isa = PBXBuildFile; fileRef = 28CAB0202058A81A00253A84 /* Apercu Medium Italic.otf */; };
		28CAB02A2058A81B00253A84 /* Apercu Mono.otf in Resources */ = {isa = PBXBuildFile; fileRef = 28CAB0212058A81A00253A84 /* Apercu Mono.otf */; };
		28CAB02B2058A81B00253A84 /* Apercu Bold.otf in Resources */ = {isa = PBXBuildFile; fileRef = 28CAB0222058A81A00253A84 /* Apercu Bold.otf */; };
		28CAB02C2058A81B00253A84 /* Apercu Bold Italic.otf in Resources */ = {isa = PBXBuildFile; fileRef = 28CAB0232058A81A00253A84 /* Apercu Bold Italic.otf */; };
		28CAB02D2058A81B00253A84 /* Apercu Medium.otf in Resources */ = {isa = PBXBuildFile; fileRef = 28CAB0242058A81A00253A84 /* Apercu Medium.otf */; };
		28CAB02E2058A81B00253A84 /* Apercu Regular.otf in Resources */ = {isa = PBXBuildFile; fileRef = 28CAB0252058A81A00253A84 /* Apercu Regular.otf */; };
		28CAB02F2058A81B00253A84 /* Apercu Light.otf in Resources */ = {isa = PBXBuildFile; fileRef = 28CAB0262058A81B00253A84 /* Apercu Light.otf */; };
		28CAB0302058A81B00253A84 /* Apercu Light Italic.otf in Resources */ = {isa = PBXBuildFile; fileRef = 28CAB0272058A81B00253A84 /* Apercu Light Italic.otf */; };
		28CAB0312058A81B00253A84 /* Apercu Italic.otf in Resources */ = {isa = PBXBuildFile; fileRef = 28CAB0282058A81B00253A84 /* Apercu Italic.otf */; };
		735245D3BA4ECCC102FD88C2 /* Pods_SXSW.framework in Frameworks */ = {isa = PBXBuildFile; fileRef = 70CEEC11E0288725426BCC74 /* Pods_SXSW.framework */; };
/* End PBXBuildFile section */

/* Begin PBXFileReference section */
		172764E820588F9C00A889E0 /* ItemTableViewController.swift */ = {isa = PBXFileReference; lastKnownFileType = sourcecode.swift; path = ItemTableViewController.swift; sourceTree = "<group>"; };
		174BB58120586D9D001FB020 /* SXSW.app */ = {isa = PBXFileReference; explicitFileType = wrapper.application; includeInIndex = 0; path = SXSW.app; sourceTree = BUILT_PRODUCTS_DIR; };
		174BB58420586D9D001FB020 /* AppDelegate.swift */ = {isa = PBXFileReference; lastKnownFileType = sourcecode.swift; path = AppDelegate.swift; sourceTree = "<group>"; };
		174BB58620586D9D001FB020 /* art.scnassets */ = {isa = PBXFileReference; lastKnownFileType = wrapper.scnassets; path = art.scnassets; sourceTree = "<group>"; };
		174BB58820586D9D001FB020 /* ViewController.swift */ = {isa = PBXFileReference; lastKnownFileType = sourcecode.swift; path = ViewController.swift; sourceTree = "<group>"; };
		174BB58B20586D9D001FB020 /* Base */ = {isa = PBXFileReference; lastKnownFileType = file.storyboard; name = Base; path = Base.lproj/Main.storyboard; sourceTree = "<group>"; };
		174BB58D20586D9E001FB020 /* Assets.xcassets */ = {isa = PBXFileReference; lastKnownFileType = folder.assetcatalog; path = Assets.xcassets; sourceTree = "<group>"; };
		174BB59020586D9E001FB020 /* Base */ = {isa = PBXFileReference; lastKnownFileType = file.storyboard; name = Base; path = Base.lproj/LaunchScreen.storyboard; sourceTree = "<group>"; };
		174BB59220586D9E001FB020 /* Info.plist */ = {isa = PBXFileReference; lastKnownFileType = text.plist.xml; path = Info.plist; sourceTree = "<group>"; };
		174BB59820586EFD001FB020 /* .gitignore */ = {isa = PBXFileReference; lastKnownFileType = text; path = .gitignore; sourceTree = "<group>"; };
		174BB59A20587015001FB020 /* Podfile */ = {isa = PBXFileReference; fileEncoding = 4; lastKnownFileType = text; path = Podfile; sourceTree = "<group>"; };
		17B3C8C3205884B6002F6DFB /* EventViewController.swift */ = {isa = PBXFileReference; lastKnownFileType = sourcecode.swift; path = EventViewController.swift; sourceTree = "<group>"; };
		17D8B0FD2058A85100951B8E /* ItemTableCell.swift */ = {isa = PBXFileReference; fileEncoding = 4; lastKnownFileType = sourcecode.swift; path = ItemTableCell.swift; sourceTree = "<group>"; };
		17D8B0FE2058A85100951B8E /* ItemViewController.swift */ = {isa = PBXFileReference; fileEncoding = 4; lastKnownFileType = sourcecode.swift; path = ItemViewController.swift; sourceTree = "<group>"; };
		2853EAC92058A2C1006D355D /* OfferViewController.swift */ = {isa = PBXFileReference; lastKnownFileType = sourcecode.swift; path = OfferViewController.swift; sourceTree = "<group>"; };
		2853EACB2058A2DB006D355D /* Constants.swift */ = {isa = PBXFileReference; lastKnownFileType = sourcecode.swift; path = Constants.swift; sourceTree = "<group>"; };
		2853EACD2058A415006D355D /* Autolayout.swift */ = {isa = PBXFileReference; lastKnownFileType = sourcecode.swift; path = Autolayout.swift; sourceTree = "<group>"; };
		28CAB0202058A81A00253A84 /* Apercu Medium Italic.otf */ = {isa = PBXFileReference; lastKnownFileType = file; path = "Apercu Medium Italic.otf"; sourceTree = "<group>"; };
		28CAB0212058A81A00253A84 /* Apercu Mono.otf */ = {isa = PBXFileReference; lastKnownFileType = file; path = "Apercu Mono.otf"; sourceTree = "<group>"; };
		28CAB0222058A81A00253A84 /* Apercu Bold.otf */ = {isa = PBXFileReference; lastKnownFileType = file; path = "Apercu Bold.otf"; sourceTree = "<group>"; };
		28CAB0232058A81A00253A84 /* Apercu Bold Italic.otf */ = {isa = PBXFileReference; lastKnownFileType = file; path = "Apercu Bold Italic.otf"; sourceTree = "<group>"; };
		28CAB0242058A81A00253A84 /* Apercu Medium.otf */ = {isa = PBXFileReference; lastKnownFileType = file; path = "Apercu Medium.otf"; sourceTree = "<group>"; };
		28CAB0252058A81A00253A84 /* Apercu Regular.otf */ = {isa = PBXFileReference; lastKnownFileType = file; path = "Apercu Regular.otf"; sourceTree = "<group>"; };
		28CAB0262058A81B00253A84 /* Apercu Light.otf */ = {isa = PBXFileReference; lastKnownFileType = file; path = "Apercu Light.otf"; sourceTree = "<group>"; };
		28CAB0272058A81B00253A84 /* Apercu Light Italic.otf */ = {isa = PBXFileReference; lastKnownFileType = file; path = "Apercu Light Italic.otf"; sourceTree = "<group>"; };
		28CAB0282058A81B00253A84 /* Apercu Italic.otf */ = {isa = PBXFileReference; lastKnownFileType = file; path = "Apercu Italic.otf"; sourceTree = "<group>"; };
		70CEEC11E0288725426BCC74 /* Pods_SXSW.framework */ = {isa = PBXFileReference; explicitFileType = wrapper.framework; includeInIndex = 0; path = Pods_SXSW.framework; sourceTree = BUILT_PRODUCTS_DIR; };
		B6FD3B62BFA5234E79B39BD0 /* Pods-SXSW.debug.xcconfig */ = {isa = PBXFileReference; includeInIndex = 1; lastKnownFileType = text.xcconfig; name = "Pods-SXSW.debug.xcconfig"; path = "Pods/Target Support Files/Pods-SXSW/Pods-SXSW.debug.xcconfig"; sourceTree = "<group>"; };
		F3F8DD398AD49E1E8B47DE7C /* Pods-SXSW.release.xcconfig */ = {isa = PBXFileReference; includeInIndex = 1; lastKnownFileType = text.xcconfig; name = "Pods-SXSW.release.xcconfig"; path = "Pods/Target Support Files/Pods-SXSW/Pods-SXSW.release.xcconfig"; sourceTree = "<group>"; };
/* End PBXFileReference section */

/* Begin PBXFrameworksBuildPhase section */
		174BB57E20586D9D001FB020 /* Frameworks */ = {
			isa = PBXFrameworksBuildPhase;
			buildActionMask = 2147483647;
			files = (
				735245D3BA4ECCC102FD88C2 /* Pods_SXSW.framework in Frameworks */,
			);
			runOnlyForDeploymentPostprocessing = 0;
		};
/* End PBXFrameworksBuildPhase section */

/* Begin PBXGroup section */
		174BB57820586D9D001FB020 = {
			isa = PBXGroup;
			children = (
				174BB59A20587015001FB020 /* Podfile */,
				174BB59820586EFD001FB020 /* .gitignore */,
				174BB58320586D9D001FB020 /* SXSW */,
				174BB58220586D9D001FB020 /* Products */,
				DB1F01E3BD96747DEA48B58F /* Pods */,
				B13F5CE95D975BE87200D2C0 /* Frameworks */,
			);
			sourceTree = "<group>";
		};
		174BB58220586D9D001FB020 /* Products */ = {
			isa = PBXGroup;
			children = (
				174BB58120586D9D001FB020 /* SXSW.app */,
			);
			name = Products;
			sourceTree = "<group>";
		};
		174BB58320586D9D001FB020 /* SXSW */ = {
			isa = PBXGroup;
			children = (
				17D8B0FD2058A85100951B8E /* ItemTableCell.swift */,
				17D8B0FE2058A85100951B8E /* ItemViewController.swift */,
				28CAB0162058A67100253A84 /* Fonts */,
				2853EACB2058A2DB006D355D /* Constants.swift */,
				2853EAC92058A2C1006D355D /* OfferViewController.swift */,
				2853EACD2058A415006D355D /* Autolayout.swift */,
				17B3C8C3205884B6002F6DFB /* EventViewController.swift */,
				174BB58420586D9D001FB020 /* AppDelegate.swift */,
				174BB58620586D9D001FB020 /* art.scnassets */,
				174BB58820586D9D001FB020 /* ViewController.swift */,
				174BB58A20586D9D001FB020 /* Main.storyboard */,
				172764E820588F9C00A889E0 /* ItemTableViewController.swift */,
				174BB58D20586D9E001FB020 /* Assets.xcassets */,
				174BB58F20586D9E001FB020 /* LaunchScreen.storyboard */,
				174BB59220586D9E001FB020 /* Info.plist */,
			);
			path = SXSW;
			sourceTree = "<group>";
		};
		28CAB0162058A67100253A84 /* Fonts */ = {
			isa = PBXGroup;
			children = (
				28CAB0232058A81A00253A84 /* Apercu Bold Italic.otf */,
				28CAB0222058A81A00253A84 /* Apercu Bold.otf */,
				28CAB0282058A81B00253A84 /* Apercu Italic.otf */,
				28CAB0272058A81B00253A84 /* Apercu Light Italic.otf */,
				28CAB0262058A81B00253A84 /* Apercu Light.otf */,
				28CAB0202058A81A00253A84 /* Apercu Medium Italic.otf */,
				28CAB0242058A81A00253A84 /* Apercu Medium.otf */,
				28CAB0212058A81A00253A84 /* Apercu Mono.otf */,
				28CAB0252058A81A00253A84 /* Apercu Regular.otf */,
			);
			path = Fonts;
			sourceTree = "<group>";
		};
		B13F5CE95D975BE87200D2C0 /* Frameworks */ = {
			isa = PBXGroup;
			children = (
				70CEEC11E0288725426BCC74 /* Pods_SXSW.framework */,
			);
			name = Frameworks;
			sourceTree = "<group>";
		};
		DB1F01E3BD96747DEA48B58F /* Pods */ = {
			isa = PBXGroup;
			children = (
				B6FD3B62BFA5234E79B39BD0 /* Pods-SXSW.debug.xcconfig */,
				F3F8DD398AD49E1E8B47DE7C /* Pods-SXSW.release.xcconfig */,
			);
			name = Pods;
			sourceTree = "<group>";
		};
/* End PBXGroup section */

/* Begin PBXNativeTarget section */
		174BB58020586D9D001FB020 /* SXSW */ = {
			isa = PBXNativeTarget;
			buildConfigurationList = 174BB59520586D9E001FB020 /* Build configuration list for PBXNativeTarget "SXSW" */;
			buildPhases = (
				C8AB75681067DD5F531B2821 /* [CP] Check Pods Manifest.lock */,
				174BB57D20586D9D001FB020 /* Sources */,
				174BB57E20586D9D001FB020 /* Frameworks */,
				174BB57F20586D9D001FB020 /* Resources */,
				0687CDBFEBD6207D6DC694BD /* [CP] Embed Pods Frameworks */,
				BCB0C38B1D60051336AE1D96 /* [CP] Copy Pods Resources */,
			);
			buildRules = (
			);
			dependencies = (
			);
			name = SXSW;
			productName = SXSW;
			productReference = 174BB58120586D9D001FB020 /* SXSW.app */;
			productType = "com.apple.product-type.application";
		};
/* End PBXNativeTarget section */

/* Begin PBXProject section */
		174BB57920586D9D001FB020 /* Project object */ = {
			isa = PBXProject;
			attributes = {
				LastSwiftUpdateCheck = 0930;
				LastUpgradeCheck = 0930;
				ORGANIZATIONNAME = "Stuart Olivera";
				TargetAttributes = {
					174BB58020586D9D001FB020 = {
						CreatedOnToolsVersion = 9.3;
					};
				};
			};
			buildConfigurationList = 174BB57C20586D9D001FB020 /* Build configuration list for PBXProject "SXSW" */;
			compatibilityVersion = "Xcode 9.3";
			developmentRegion = en;
			hasScannedForEncodings = 0;
			knownRegions = (
				en,
				Base,
			);
			mainGroup = 174BB57820586D9D001FB020;
			productRefGroup = 174BB58220586D9D001FB020 /* Products */;
			projectDirPath = "";
			projectRoot = "";
			targets = (
				174BB58020586D9D001FB020 /* SXSW */,
			);
		};
/* End PBXProject section */

/* Begin PBXResourcesBuildPhase section */
		174BB57F20586D9D001FB020 /* Resources */ = {
			isa = PBXResourcesBuildPhase;
			buildActionMask = 2147483647;
			files = (
				28CAB02B2058A81B00253A84 /* Apercu Bold.otf in Resources */,
				174BB59B20587015001FB020 /* Podfile in Resources */,
				174BB59920586EFD001FB020 /* .gitignore in Resources */,
				174BB58720586D9D001FB020 /* art.scnassets in Resources */,
				28CAB02C2058A81B00253A84 /* Apercu Bold Italic.otf in Resources */,
				28CAB0292058A81B00253A84 /* Apercu Medium Italic.otf in Resources */,
				174BB59120586D9E001FB020 /* LaunchScreen.storyboard in Resources */,
				174BB58E20586D9E001FB020 /* Assets.xcassets in Resources */,
				28CAB02D2058A81B00253A84 /* Apercu Medium.otf in Resources */,
				174BB58C20586D9D001FB020 /* Main.storyboard in Resources */,
				28CAB0302058A81B00253A84 /* Apercu Light Italic.otf in Resources */,
				28CAB02F2058A81B00253A84 /* Apercu Light.otf in Resources */,
				28CAB02A2058A81B00253A84 /* Apercu Mono.otf in Resources */,
				28CAB0312058A81B00253A84 /* Apercu Italic.otf in Resources */,
				28CAB02E2058A81B00253A84 /* Apercu Regular.otf in Resources */,
			);
			runOnlyForDeploymentPostprocessing = 0;
		};
/* End PBXResourcesBuildPhase section */

/* Begin PBXShellScriptBuildPhase section */
		0687CDBFEBD6207D6DC694BD /* [CP] Embed Pods Frameworks */ = {
			isa = PBXShellScriptBuildPhase;
			buildActionMask = 2147483647;
			files = (
			);
			inputPaths = (
				"${SRCROOT}/Pods/Target Support Files/Pods-SXSW/Pods-SXSW-frameworks.sh",
				"${BUILT_PRODUCTS_DIR}/DynamicBlurView/DynamicBlurView.framework",
				"${BUILT_PRODUCTS_DIR}/PopupDialog/PopupDialog.framework",
			);
			name = "[CP] Embed Pods Frameworks";
			outputPaths = (
				"${TARGET_BUILD_DIR}/${FRAMEWORKS_FOLDER_PATH}/DynamicBlurView.framework",
				"${TARGET_BUILD_DIR}/${FRAMEWORKS_FOLDER_PATH}/PopupDialog.framework",
			);
			runOnlyForDeploymentPostprocessing = 0;
			shellPath = /bin/sh;
			shellScript = "\"${SRCROOT}/Pods/Target Support Files/Pods-SXSW/Pods-SXSW-frameworks.sh\"\n";
			showEnvVarsInLog = 0;
		};
		BCB0C38B1D60051336AE1D96 /* [CP] Copy Pods Resources */ = {
			isa = PBXShellScriptBuildPhase;
			buildActionMask = 2147483647;
			files = (
			);
			inputPaths = (
			);
			name = "[CP] Copy Pods Resources";
			outputPaths = (
			);
			runOnlyForDeploymentPostprocessing = 0;
			shellPath = /bin/sh;
			shellScript = "\"${SRCROOT}/Pods/Target Support Files/Pods-SXSW/Pods-SXSW-resources.sh\"\n";
			showEnvVarsInLog = 0;
		};
		C8AB75681067DD5F531B2821 /* [CP] Check Pods Manifest.lock */ = {
			isa = PBXShellScriptBuildPhase;
			buildActionMask = 2147483647;
			files = (
			);
			inputPaths = (
				"${PODS_PODFILE_DIR_PATH}/Podfile.lock",
				"${PODS_ROOT}/Manifest.lock",
			);
			name = "[CP] Check Pods Manifest.lock";
			outputPaths = (
				"$(DERIVED_FILE_DIR)/Pods-SXSW-checkManifestLockResult.txt",
			);
			runOnlyForDeploymentPostprocessing = 0;
			shellPath = /bin/sh;
			shellScript = "diff \"${PODS_PODFILE_DIR_PATH}/Podfile.lock\" \"${PODS_ROOT}/Manifest.lock\" > /dev/null\nif [ $? != 0 ] ; then\n    # print error to STDERR\n    echo \"error: The sandbox is not in sync with the Podfile.lock. Run 'pod install' or update your CocoaPods installation.\" >&2\n    exit 1\nfi\n# This output is used by Xcode 'outputs' to avoid re-running this script phase.\necho \"SUCCESS\" > \"${SCRIPT_OUTPUT_FILE_0}\"\n";
			showEnvVarsInLog = 0;
		};
/* End PBXShellScriptBuildPhase section */

/* Begin PBXSourcesBuildPhase section */
		174BB57D20586D9D001FB020 /* Sources */ = {
			isa = PBXSourcesBuildPhase;
			buildActionMask = 2147483647;
			files = (
				2853EACA2058A2C1006D355D /* OfferViewController.swift in Sources */,
				174BB58920586D9D001FB020 /* ViewController.swift in Sources */,
				174BB58520586D9D001FB020 /* AppDelegate.swift in Sources */,
				172764E920588F9C00A889E0 /* ItemTableViewController.swift in Sources */,
				17B3C8C4205884B6002F6DFB /* EventViewController.swift in Sources */,
				17D8B0FF2058A85200951B8E /* ItemTableCell.swift in Sources */,
				2853EACE2058A415006D355D /* Autolayout.swift in Sources */,
				2853EACC2058A2DB006D355D /* Constants.swift in Sources */,
				17D8B1002058A85200951B8E /* ItemViewController.swift in Sources */,
			);
			runOnlyForDeploymentPostprocessing = 0;
		};
/* End PBXSourcesBuildPhase section */

/* Begin PBXVariantGroup section */
		174BB58A20586D9D001FB020 /* Main.storyboard */ = {
			isa = PBXVariantGroup;
			children = (
				174BB58B20586D9D001FB020 /* Base */,
			);
			name = Main.storyboard;
			sourceTree = "<group>";
		};
		174BB58F20586D9E001FB020 /* LaunchScreen.storyboard */ = {
			isa = PBXVariantGroup;
			children = (
				174BB59020586D9E001FB020 /* Base */,
			);
			name = LaunchScreen.storyboard;
			sourceTree = "<group>";
		};
/* End PBXVariantGroup section */

/* Begin XCBuildConfiguration section */
		174BB59320586D9E001FB020 /* Debug */ = {
			isa = XCBuildConfiguration;
			buildSettings = {
				ALWAYS_SEARCH_USER_PATHS = NO;
				CLANG_ANALYZER_NONNULL = YES;
				CLANG_ANALYZER_NUMBER_OBJECT_CONVERSION = YES_AGGRESSIVE;
				CLANG_CXX_LANGUAGE_STANDARD = "gnu++14";
				CLANG_CXX_LIBRARY = "libc++";
				CLANG_ENABLE_MODULES = YES;
				CLANG_ENABLE_OBJC_ARC = YES;
				CLANG_ENABLE_OBJC_WEAK = YES;
				CLANG_WARN_BLOCK_CAPTURE_AUTORELEASING = YES;
				CLANG_WARN_BOOL_CONVERSION = YES;
				CLANG_WARN_COMMA = YES;
				CLANG_WARN_CONSTANT_CONVERSION = YES;
				CLANG_WARN_DEPRECATED_OBJC_IMPLEMENTATIONS = YES;
				CLANG_WARN_DIRECT_OBJC_ISA_USAGE = YES_ERROR;
				CLANG_WARN_DOCUMENTATION_COMMENTS = YES;
				CLANG_WARN_EMPTY_BODY = YES;
				CLANG_WARN_ENUM_CONVERSION = YES;
				CLANG_WARN_INFINITE_RECURSION = YES;
				CLANG_WARN_INT_CONVERSION = YES;
				CLANG_WARN_NON_LITERAL_NULL_CONVERSION = YES;
				CLANG_WARN_OBJC_IMPLICIT_RETAIN_SELF = YES;
				CLANG_WARN_OBJC_LITERAL_CONVERSION = YES;
				CLANG_WARN_OBJC_ROOT_CLASS = YES_ERROR;
				CLANG_WARN_RANGE_LOOP_ANALYSIS = YES;
				CLANG_WARN_STRICT_PROTOTYPES = YES;
				CLANG_WARN_SUSPICIOUS_MOVE = YES;
				CLANG_WARN_UNGUARDED_AVAILABILITY = YES_AGGRESSIVE;
				CLANG_WARN_UNREACHABLE_CODE = YES;
				CLANG_WARN__DUPLICATE_METHOD_MATCH = YES;
				CODE_SIGN_IDENTITY = "iPhone Developer";
				COPY_PHASE_STRIP = NO;
				DEBUG_INFORMATION_FORMAT = dwarf;
				ENABLE_STRICT_OBJC_MSGSEND = YES;
				ENABLE_TESTABILITY = YES;
				GCC_C_LANGUAGE_STANDARD = gnu11;
				GCC_DYNAMIC_NO_PIC = NO;
				GCC_NO_COMMON_BLOCKS = YES;
				GCC_OPTIMIZATION_LEVEL = 0;
				GCC_PREPROCESSOR_DEFINITIONS = (
					"DEBUG=1",
					"$(inherited)",
				);
				GCC_WARN_64_TO_32_BIT_CONVERSION = YES;
				GCC_WARN_ABOUT_RETURN_TYPE = YES_ERROR;
				GCC_WARN_UNDECLARED_SELECTOR = YES;
				GCC_WARN_UNINITIALIZED_AUTOS = YES_AGGRESSIVE;
				GCC_WARN_UNUSED_FUNCTION = YES;
				GCC_WARN_UNUSED_VARIABLE = YES;
				IPHONEOS_DEPLOYMENT_TARGET = 11.3;
				MTL_ENABLE_DEBUG_INFO = YES;
				ONLY_ACTIVE_ARCH = YES;
				SDKROOT = iphoneos;
				SWIFT_ACTIVE_COMPILATION_CONDITIONS = DEBUG;
				SWIFT_OPTIMIZATION_LEVEL = "-Onone";
			};
			name = Debug;
		};
		174BB59420586D9E001FB020 /* Release */ = {
			isa = XCBuildConfiguration;
			buildSettings = {
				ALWAYS_SEARCH_USER_PATHS = NO;
				CLANG_ANALYZER_NONNULL = YES;
				CLANG_ANALYZER_NUMBER_OBJECT_CONVERSION = YES_AGGRESSIVE;
				CLANG_CXX_LANGUAGE_STANDARD = "gnu++14";
				CLANG_CXX_LIBRARY = "libc++";
				CLANG_ENABLE_MODULES = YES;
				CLANG_ENABLE_OBJC_ARC = YES;
				CLANG_ENABLE_OBJC_WEAK = YES;
				CLANG_WARN_BLOCK_CAPTURE_AUTORELEASING = YES;
				CLANG_WARN_BOOL_CONVERSION = YES;
				CLANG_WARN_COMMA = YES;
				CLANG_WARN_CONSTANT_CONVERSION = YES;
				CLANG_WARN_DEPRECATED_OBJC_IMPLEMENTATIONS = YES;
				CLANG_WARN_DIRECT_OBJC_ISA_USAGE = YES_ERROR;
				CLANG_WARN_DOCUMENTATION_COMMENTS = YES;
				CLANG_WARN_EMPTY_BODY = YES;
				CLANG_WARN_ENUM_CONVERSION = YES;
				CLANG_WARN_INFINITE_RECURSION = YES;
				CLANG_WARN_INT_CONVERSION = YES;
				CLANG_WARN_NON_LITERAL_NULL_CONVERSION = YES;
				CLANG_WARN_OBJC_IMPLICIT_RETAIN_SELF = YES;
				CLANG_WARN_OBJC_LITERAL_CONVERSION = YES;
				CLANG_WARN_OBJC_ROOT_CLASS = YES_ERROR;
				CLANG_WARN_RANGE_LOOP_ANALYSIS = YES;
				CLANG_WARN_STRICT_PROTOTYPES = YES;
				CLANG_WARN_SUSPICIOUS_MOVE = YES;
				CLANG_WARN_UNGUARDED_AVAILABILITY = YES_AGGRESSIVE;
				CLANG_WARN_UNREACHABLE_CODE = YES;
				CLANG_WARN__DUPLICATE_METHOD_MATCH = YES;
				CODE_SIGN_IDENTITY = "iPhone Developer";
				COPY_PHASE_STRIP = NO;
				DEBUG_INFORMATION_FORMAT = "dwarf-with-dsym";
				ENABLE_NS_ASSERTIONS = NO;
				ENABLE_STRICT_OBJC_MSGSEND = YES;
				GCC_C_LANGUAGE_STANDARD = gnu11;
				GCC_NO_COMMON_BLOCKS = YES;
				GCC_WARN_64_TO_32_BIT_CONVERSION = YES;
				GCC_WARN_ABOUT_RETURN_TYPE = YES_ERROR;
				GCC_WARN_UNDECLARED_SELECTOR = YES;
				GCC_WARN_UNINITIALIZED_AUTOS = YES_AGGRESSIVE;
				GCC_WARN_UNUSED_FUNCTION = YES;
				GCC_WARN_UNUSED_VARIABLE = YES;
				IPHONEOS_DEPLOYMENT_TARGET = 11.3;
				MTL_ENABLE_DEBUG_INFO = NO;
				SDKROOT = iphoneos;
				SWIFT_COMPILATION_MODE = wholemodule;
				SWIFT_OPTIMIZATION_LEVEL = "-O";
				VALIDATE_PRODUCT = YES;
			};
			name = Release;
		};
		174BB59620586D9E001FB020 /* Debug */ = {
			isa = XCBuildConfiguration;
			baseConfigurationReference = B6FD3B62BFA5234E79B39BD0 /* Pods-SXSW.debug.xcconfig */;
			buildSettings = {
				ASSETCATALOG_COMPILER_APPICON_NAME = AppIcon;
				CODE_SIGN_STYLE = Automatic;
				DEVELOPMENT_TEAM = KM659CVM6Q;
				INFOPLIST_FILE = SXSW/Info.plist;
				LD_RUNPATH_SEARCH_PATHS = (
					"$(inherited)",
					"@executable_path/Frameworks",
				);
				PRODUCT_BUNDLE_IDENTIFIER = com.stuartolivera.SXSW;
				PRODUCT_NAME = "$(TARGET_NAME)";
				SWIFT_VERSION = 4.0;
				TARGETED_DEVICE_FAMILY = "1,2";
			};
			name = Debug;
		};
		174BB59720586D9E001FB020 /* Release */ = {
			isa = XCBuildConfiguration;
			baseConfigurationReference = F3F8DD398AD49E1E8B47DE7C /* Pods-SXSW.release.xcconfig */;
			buildSettings = {
				ASSETCATALOG_COMPILER_APPICON_NAME = AppIcon;
				CODE_SIGN_STYLE = Automatic;
				DEVELOPMENT_TEAM = KM659CVM6Q;
				INFOPLIST_FILE = SXSW/Info.plist;
				LD_RUNPATH_SEARCH_PATHS = (
					"$(inherited)",
					"@executable_path/Frameworks",
				);
				PRODUCT_BUNDLE_IDENTIFIER = com.stuartolivera.SXSW;
				PRODUCT_NAME = "$(TARGET_NAME)";
				SWIFT_VERSION = 4.0;
				TARGETED_DEVICE_FAMILY = "1,2";
			};
			name = Release;
		};
/* End XCBuildConfiguration section */

/* Begin XCConfigurationList section */
		174BB57C20586D9D001FB020 /* Build configuration list for PBXProject "SXSW" */ = {
			isa = XCConfigurationList;
			buildConfigurations = (
				174BB59320586D9E001FB020 /* Debug */,
				174BB59420586D9E001FB020 /* Release */,
			);
			defaultConfigurationIsVisible = 0;
			defaultConfigurationName = Release;
		};
		174BB59520586D9E001FB020 /* Build configuration list for PBXNativeTarget "SXSW" */ = {
			isa = XCConfigurationList;
			buildConfigurations = (
				174BB59620586D9E001FB020 /* Debug */,
				174BB59720586D9E001FB020 /* Release */,
			);
			defaultConfigurationIsVisible = 0;
			defaultConfigurationName = Release;
		};
/* End XCConfigurationList section */
	};
	rootObject = 174BB57920586D9D001FB020 /* Project object */;
}
